
Microsoft Visual Studio Solution File, Format Version 12.00
# Visual Studio 2012
Project("{FAE04EC0-301F-11D3-BF4B-00C04F79EFBC}") = "NetConsole.Core", "src\app\NetConsole.Core\NetConsole.Core.csproj", "{4B20961B-71B1-4F1E-BAC3-C835D9C220CA}"
EndProject
Project("{FAE04EC0-301F-11D3-BF4B-00C04F79EFBC}") = "NetConsole.Core.Tests", "src\tests\NetConsole.Core.Tests\NetConsole.Core.Tests.csproj", "{2C7D30E7-9CB2-41A0-8A5F-6D8AE031E1B0}"
EndProject
Global
	GlobalSection(SolutionConfigurationPlatforms) = preSolution
		Debug|Any CPU = Debug|Any CPU
		Release|Any CPU = Release|Any CPU
	EndGlobalSection
	GlobalSection(ProjectConfigurationPlatforms) = postSolution
		{4B20961B-71B1-4F1E-BAC3-C835D9C220CA}.Debug|Any CPU.ActiveCfg = Debug|Any CPU
		{4B20961B-71B1-4F1E-BAC3-C835D9C220CA}.Debug|Any CPU.Build.0 = Debug|Any CPU
		{4B20961B-71B1-4F1E-BAC3-C835D9C220CA}.Release|Any CPU.ActiveCfg = Release|Any CPU
		{4B20961B-71B1-4F1E-BAC3-C835D9C220CA}.Release|Any CPU.Build.0 = Release|Any CPU
		{4B20961B-71B1-4F1E-BAC3-C835D9C220CA}.Release|Any CPU.Deploy.0 = Release|Any CPU
		{2C7D30E7-9CB2-41A0-8A5F-6D8AE031E1B0}.Debug|Any CPU.ActiveCfg = Debug|Any CPU
		{2C7D30E7-9CB2-41A0-8A5F-6D8AE031E1B0}.Debug|Any CPU.Build.0 = Debug|Any CPU
		{2C7D30E7-9CB2-41A0-8A5F-6D8AE031E1B0}.Release|Any CPU.ActiveCfg = Release|Any CPU
		{2C7D30E7-9CB2-41A0-8A5F-6D8AE031E1B0}.Release|Any CPU.Build.0 = Release|Any CPU
	EndGlobalSection
	GlobalSection(SolutionProperties) = preSolution
		HideSolutionNode = FALSE
	EndGlobalSection
EndGlobal
